{
  "name": "neoprism",
  "lockfileVersion": 3,
  "requires": true,
  "packages": {
    "": {
      "devDependencies": {
        "daisyui": "^5.0.28"
      }
    },
    "node_modules/daisyui": {
      "version": "5.0.28",
      "resolved": "https://registry.npmjs.org/daisyui/-/daisyui-5.0.28.tgz",
      "integrity": "sha512-H082p8Lg3c7Se9wTbjfSOOhfUbp3BnOM2+cdr3OeY5G1Ll7GYLXB9NWLHgitkTsB1pQKwHRYYchqN2YG0VVShg==",
      "dev": true,
      "license": "MIT",
      "funding": {
        "url": "https://github.com/saadeghi/daisyui?sponsor=1"
      }
    }
  }
}
